github.com/hugomods/decap-cms v0.14.0 h1:P2FhDIT1GgQv/o2hIt2SrboKFzizkU6eTTX2pF2L+X4=
github.com/hugomods/decap-cms v0.14.0/go.mod h1:P9gUtk59PZYBCNVIqiovRPqI13WiKkutMtJl2YQLkMA=
github.com/hugomods/decap-cms v0.14.1/go.mod h1:P9gUtk59PZYBCNVIqiovRPqI13WiKkutMtJl2YQLkMA=
github.com/hugomods/decap-cms v0.14.2/go.mod h1:P9gUtk59PZYBCNVIqiovRPqI13WiKkutMtJl2YQLkMA=
github.com/hugomods/decap-cms v0.14.3/go.mod h1:P9gUtk59PZYBCNVIqiovRPqI13WiKkutMtJl2YQLkMA=
github.com/hugomods/decap-cms v0.14.4/go.mod h1:P9gUtk59PZYBCNVIqiovRPqI13WiKkutMtJl2YQLkMA=
github.com/hugomods/decap-cms v0.14.5/go.mod h1:P9gUtk59PZYBCNVIqiovRPqI13WiKkutMtJl2YQLkMA=
github.com/hugomods/decap-cms v0.14.6/go.mod h1:P9gUtk59PZYBCNVIqiovRPqI13WiKkutMtJl2YQLkMA=
github.com/hugomods/decap-cms v0.14.7/go.mod h1:P9gUtk59PZYBCNVIqiovRPqI13WiKkutMtJl2YQLkMA=
github.com/hugomods/decap-cms v0.15.0/go.mod h1:P9gUtk59PZYBCNVIqiovRPqI13WiKkutMtJl2YQLkMA=
github.com/hugomods/decap-cms v0.15.1/go.mod h1:P9gUtk59PZYBCNVIqiovRPqI13WiKkutMtJl2YQLkMA=
github.com/hugomods/decap-cms v0.16.0/go.mod h1:P9gUtk59PZYBCNVIqiovRPqI13WiKkutMtJl2YQLkMA=
github.com/hugomods/decap-cms v0.16.1/go.mod h1:P9gUtk59PZYBCNVIqiovRPqI13WiKkutMtJl2YQLkMA=
github.com/hugomods/hugopress v0.2.3 h1:tbQlJkGcou1KQJOeCN7E3oK8ZREFZoP3kSHcM/Kz718=
github.com/hugomods/hugopress v0.2.3/go.mod h1:CRYvr60xOkZOf4Atkuj+uEj2EH5pjJ39Ws3aJAkoMkA=
github.com/hugomods/hugopress v0.3.0/go.mod h1:CRYvr60xOkZOf4Atkuj+uEj2EH5pjJ39Ws3aJAkoMkA=
github.com/hugomods/hugopress v0.4.0/go.mod h1:CRYvr60xOkZOf4Atkuj+uEj2EH5pjJ39Ws3aJAkoMkA=
github.com/hugomods/hugopress v0.4.1/go.mod h1:CRYvr60xOkZOf4Atkuj+uEj2EH5pjJ39Ws3aJAkoMkA=
github.com/hugomods/hugopress v0.5.0/go.mod h1:CRYvr60xOkZOf4Atkuj+uEj2EH5pjJ39Ws3aJAkoMkA=
